// !$*UTF8*$!
{
	archiveVersion = 1;
	classes = {
	};
	objectVersion = 77;
	objects = {

/* Begin PBXBuildFile section */
		FA2F5E7E2FF0709000BB0A7E /* AppDependencies in Frameworks */ = {isa = PBXBuildFile; productRef = FA2F5E7D2FF0709000BB0A7E /* AppDependencies */; };
		FA2F5E842FF0711800BB0A7E /* Login in Frameworks */ = {isa = PBXBuildFile; productRef = FA2F5E832FF0711800BB0A7E /* Login */; };
/* End PBXBuildFile section */

/* Begin PBXContainerItemProxy section */
		FABEB6052FF04F300065F069 /* PBXContainerItemProxy */ = {
			isa = PBXContainerItemProxy;
			containerPortal = FABEB5EF2FF04F2E0065F069 /* Project object */;
			proxyType = 1;
			remoteGlobalIDString = FABEB5F62FF04F2E0065F069;
			remoteInfo = Innitial;
		};
		FABEB60F2FF04F300065F069 /* PBXContainerItemProxy */ = {
			isa = PBXContainerItemProxy;
			containerPortal = FABEB5EF2FF04F2E0065F069 /* Project object */;
			proxyType = 1;
			remoteGlobalIDString = FABEB5F62FF04F2E0065F069;
			remoteInfo = Innitial;
		};
/* End PBXContainerItemProxy section */

/* Begin PBXFileReference section */
		FA4166EC2FF0863000F5ABE5 /* AppDependencies */ = {isa = PBXFileReference; lastKnownFileType = wrapper; path = AppDependencies; sourceTree = "<group>"; };
		FA9237D02FF086A00036D324 /* AnalyticsKit */ = {isa = PBXFileReference; lastKnownFileType = wrapper; path = AnalyticsKit; sourceTree = "<group>"; };
		FA9237D12FF086A00036D324 /* AppConfiguration */ = {isa = PBXFileReference; lastKnownFileType = wrapper; path = AppConfiguration; sourceTree = "<group>"; };
		FA9237D22FF086A00036D324 /* Core */ = {isa = PBXFileReference; lastKnownFileType = wrapper; path = Core; sourceTree = "<group>"; };
		FA9237D32FF086A00036D324 /* Database */ = {isa = PBXFileReference; lastKnownFileType = wrapper; path = Database; sourceTree = "<group>"; };
		FA9237D42FF086A00036D324 /* Features */ = {isa = PBXFileReference; lastKnownFileType = wrapper; path = Features; sourceTree = "<group>"; };
		FA9237D52FF086A00036D324 /* Services */ = {isa = PBXFileReference; lastKnownFileType = wrapper; path = Services; sourceTree = "<group>"; };
		FABEB5F72FF04F2F0065F069 /* Innitial.app */ = {isa = PBXFileReference; explicitFileType = wrapper.application; includeInIndex = 0; path = Innitial.app; sourceTree = BUILT_PRODUCTS_DIR; };
		FABEB6042FF04F300065F069 /* InnitialTests.xctest */ = {isa = PBXFileReference; explicitFileType = wrapper.cfbundle; includeInIndex = 0; path = InnitialTests.xctest; sourceTree = BUILT_PRODUCTS_DIR; };
		FABEB60E2FF04F300065F069 /* InnitialUITests.xctest */ = {isa = PBXFileReference; explicitFileType = wrapper.cfbundle; includeInIndex = 0; path = InnitialUITests.xctest; sourceTree = BUILT_PRODUCTS_DIR; };
/* End PBXFileReference section */

/* Begin PBXFileSystemSynchronizedBuildFileExceptionSet section */
		FABEB6282FF057B60065F069 /* Exceptions for "Innitial" folder in "Innitial" target */ = {
			isa = PBXFileSystemSynchronizedBuildFileExceptionSet;
			membershipExceptions = (
				Info.plist,
			);
			target = FABEB5F62FF04F2E0065F069 /* Innitial */;
		};
/* End PBXFileSystemSynchronizedBuildFileExceptionSet section */

/* Begin PBXFileSystemSynchronizedRootGroup section */
		FABEB5F92FF04F2F0065F069 /* Innitial */ = {
			isa = PBXFileSystemSynchronizedRootGroup;
			exceptions = (
				FABEB6282FF057B60065F069 /* Exceptions for "Innitial" folder in "Innitial" target */,
			);
			path = Innitial;
			sourceTree = "<group>";
		};
		FABEB6072FF04F300065F069 /* InnitialTests */ = {
			isa = PBXFileSystemSynchronizedRootGroup;
			path = InnitialTests;
			sourceTree = "<group>";
		};
		FABEB6112FF04F300065F069 /* InnitialUITests */ = {
			isa = PBXFileSystemSynchronizedRootGroup;
			path = InnitialUITests;
			sourceTree = "<group>";
		};
/* End PBXFileSystemSynchronizedRootGroup section */

/* Begin PBXFrameworksBuildPhase section */
		FABEB5F42FF04F2E0065F069 /* Frameworks */ = {
			isa = PBXFrameworksBuildPhase;
			buildActionMask = 2147483647;
			files = (
				FA2F5E842FF0711800BB0A7E /* Login in Frameworks */,
				FA2F5E7E2FF0709000BB0A7E /* AppDependencies in Frameworks */,
			);
			runOnlyForDeploymentPostprocessing = 0;
		};
		FABEB6012FF04F300065F069 /* Frameworks */ = {
			isa = PBXFrameworksBuildPhase;
			buildActionMask = 2147483647;
			files = (
			);
			runOnlyForDeploymentPostprocessing = 0;
		};
		FABEB60B2FF04F300065F069 /* Frameworks */ = {
			isa = PBXFrameworksBuildPhase;
			buildActionMask = 2147483647;
			files = (
			);
			runOnlyForDeploymentPostprocessing = 0;
		};
/* End PBXFrameworksBuildPhase section */

/* Begin PBXGroup section */
		FA2F5E7C2FF0709000BB0A7E /* Frameworks */ = {
			isa = PBXGroup;
			children = (
			);
			name = Frameworks;
			sourceTree = "<group>";
		};
		FABEB5EE2FF04F2E0065F069 = {
			isa = PBXGroup;
			children = (
				FABEB6212FF04F420065F069 /* Models */,
				FABEB5F92FF04F2F0065F069 /* Innitial */,
				FABEB6072FF04F300065F069 /* InnitialTests */,
				FABEB6112FF04F300065F069 /* InnitialUITests */,
				FA2F5E7C2FF0709000BB0A7E /* Frameworks */,
				FABEB5F82FF04F2F0065F069 /* Products */,
			);
			sourceTree = "<group>";
		};
		FABEB5F82FF04F2F0065F069 /* Products */ = {
			isa = PBXGroup;
			children = (
				FABEB5F72FF04F2F0065F069 /* Innitial.app */,
				FABEB6042FF04F300065F069 /* InnitialTests.xctest */,
				FABEB60E2FF04F300065F069 /* InnitialUITests.xctest */,
			);
			name = Products;
			sourceTree = "<group>";
		};
		FABEB6212FF04F420065F069 /* Models */ = {
			isa = PBXGroup;
			children = (
				FA9237D02FF086A00036D324 /* AnalyticsKit */,
				FA9237D12FF086A00036D324 /* AppConfiguration */,
				FA4166EC2FF0863000F5ABE5 /* AppDependencies */,
				FA9237D22FF086A00036D324 /* Core */,
				FA9237D32FF086A00036D324 /* Database */,
				FA9237D42FF086A00036D324 /* Features */,
				FA9237D52FF086A00036D324 /* Services */,
			);
			path = Models;
			sourceTree = "<group>";
		};
/* End PBXGroup section */

/* Begin PBXNativeTarget section */
		FABEB5F62FF04F2E0065F069 /* Innitial */ = {
			isa = PBXNativeTarget;
			buildConfigurationList = FABEB6182FF04F300065F069 /* Build configuration list for PBXNativeTarget "Innitial" */;
			buildPhases = (
				FABEB5F32FF04F2E0065F069 /* Sources */,
				FABEB5F42FF04F2E0065F069 /* Frameworks */,
				FABEB5F52FF04F2E0065F069 /* Resources */,
			);
			buildRules = (
			);
			dependencies = (
			);
			fileSystemSynchronizedGroups = (
				FABEB5F92FF04F2F0065F069 /* Innitial */,
			);
			name = Innitial;
			packageProductDependencies = (
				FA2F5E7D2FF0709000BB0A7E /* AppDependencies */,
				FA2F5E832FF0711800BB0A7E /* Login */,
			);
			productName = Innitial;
			productReference = FABEB5F72FF04F2F0065F069 /* Innitial.app */;
			productType = "com.apple.product-type.application";
		};
		FABEB6032FF04F300065F069 /* InnitialTests */ = {
			isa = PBXNativeTarget;
			buildConfigurationList = FABEB61B2FF04F300065F069 /* Build configuration list for PBXNativeTarget "InnitialTests" */;
			buildPhases = (
				FABEB6002FF04F300065F069 /* Sources */,
				FABEB6012FF04F300065F069 /* Frameworks */,
				FABEB6022FF04F300065F069 /* Resources */,
			);
			buildRules = (
			);
			dependencies = (
				FABEB6062FF04F300065F069 /* PBXTargetDependency */,
			);
			fileSystemSynchronizedGroups = (
				FABEB6072FF04F300065F069 /* InnitialTests */,
			);
			name = InnitialTests;
			packageProductDependencies = (
			);
			productName = InnitialTests;
			productReference = FABEB6042FF04F300065F069 /* InnitialTests.xctest */;
			productType = "com.apple.product-type.bundle.unit-test";
		};
		FABEB60D2FF04F300065F069 /* InnitialUITests */ = {
			isa = PBXNativeTarget;
			buildConfigurationList = FABEB61E2FF04F300065F069 /* Build configuration list for PBXNativeTarget "InnitialUITests" */;
			buildPhases = (
				FABEB60A2FF04F300065F069 /* Sources */,
				FABEB60B2FF04F300065F069 /* Frameworks */,
				FABEB60C2FF04F300065F069 /* Resources */,
			);
			buildRules = (
			);
			dependencies = (
				FABEB6102FF04F300065F069 /* PBXTargetDependency */,
			);
			fileSystemSynchronizedGroups = (
				FABEB6112FF04F300065F069 /* InnitialUITests */,
			);
			name = InnitialUITests;
			packageProductDependencies = (
			);
			productName = InnitialUITests;
			productReference = FABEB60E2FF04F300065F069 /* InnitialUITests.xctest */;
			productType = "com.apple.product-type.bundle.ui-testing";
		};
/* End PBXNativeTarget section */

/* Begin PBXProject section */
		FABEB5EF2FF04F2E0065F069 /* Project object */ = {
			isa = PBXProject;
			attributes = {
				BuildIndependentTargetsInParallel = 1;
				LastSwiftUpdateCheck = 2660;
				LastUpgradeCheck = 2660;
				TargetAttributes = {
					FABEB5F62FF04F2E0065F069 = {
						CreatedOnToolsVersion = 26.6;
					};
					FABEB6032FF04F300065F069 = {
						CreatedOnToolsVersion = 26.6;
						TestTargetID = FABEB5F62FF04F2E0065F069;
					};
					FABEB60D2FF04F300065F069 = {
						CreatedOnToolsVersion = 26.6;
						TestTargetID = FABEB5F62FF04F2E0065F069;
					};
				};
			};
			buildConfigurationList = FABEB5F22FF04F2E0065F069 /* Build configuration list for PBXProject "Innitial" */;
			developmentRegion = en;
			hasScannedForEncodings = 0;
			knownRegions = (
				en,
				Base,
			);
			mainGroup = FABEB5EE2FF04F2E0065F069;
			minimizedProjectReferenceProxies = 1;
			preferredProjectObjectVersion = 77;
			productRefGroup = FABEB5F82FF04F2F0065F069 /* Products */;
			projectDirPath = "";
			projectRoot = "";
			targets = (
				FABEB5F62FF04F2E0065F069 /* Innitial */,
				FABEB6032FF04F300065F069 /* InnitialTests */,
				FABEB60D2FF04F300065F069 /* InnitialUITests */,
			);
		};
/* End PBXProject section */

/* Begin PBXResourcesBuildPhase section */
		FABEB5F52FF04F2E0065F069 /* Resources */ = {
			isa = PBXResourcesBuildPhase;
			buildActionMask = 2147483647;
			files = (
			);
			runOnlyForDeploymentPostprocessing = 0;
		};
		FABEB6022FF04F300065F069 /* Resources */ = {
			isa = PBXResourcesBuildPhase;
			buildActionMask = 2147483647;
			files = (
			);
			runOnlyForDeploymentPostprocessing = 0;
		};
		FABEB60C2FF04F300065F069 /* Resources */ = {
			isa = PBXResourcesBuildPhase;
			buildActionMask = 2147483647;
			files = (
			);
			runOnlyForDeploymentPostprocessing = 0;
		};
/* End PBXResourcesBuildPhase section */

/* Begin PBXSourcesBuildPhase section */
		FABEB5F32FF04F2E0065F069 /* Sources */ = {
			isa = PBXSourcesBuildPhase;
			buildActionMask = 2147483647;
			files = (
			);
			runOnlyForDeploymentPostprocessing = 0;
		};
		FABEB6002FF04F300065F069 /* Sources */ = {
			isa = PBXSourcesBuildPhase;
			buildActionMask = 2147483647;
			files = (
			);
			runOnlyForDeploymentPostprocessing = 0;
		};
		FABEB60A2FF04F300065F069 /* Sources */ = {
			isa = PBXSourcesBuildPhase;
			buildActionMask = 2147483647;
			files = (
			);
			runOnlyForDeploymentPostprocessing = 0;
		};
/* End PBXSourcesBuildPhase section */

/* Begin PBXTargetDependency section */
		FABEB6062FF04F300065F069 /* PBXTargetDependency */ = {
			isa = PBXTargetDependency;
			target = FABEB5F62FF04F2E0065F069 /* Innitial */;
			targetProxy = FABEB6052FF04F300065F069 /* PBXContainerItemProxy */;
		};
		FABEB6102FF04F300065F069 /* PBXTargetDependency */ = {
			isa = PBXTargetDependency;
			target = FABEB5F62FF04F2E0065F069 /* Innitial */;
			targetProxy = FABEB60F2FF04F300065F069 /* PBXContainerItemProxy */;
		};
/* End PBXTargetDependency section */

/* Begin XCBuildConfiguration section */
		FABEB6162FF04F300065F069 /* Debug */ = {
			isa = XCBuildConfiguration;
			buildSettings = {
				ALWAYS_SEARCH_USER_PATHS = NO;
				ASSETCATALOG_COMPILER_GENERATE_SWIFT_ASSET_SYMBOL_EXTENSIONS = YES;
				CLANG_ANALYZER_NONNULL = YES;
				CLANG_ANALYZER_NUMBER_OBJECT_CONVERSION = YES_AGGRESSIVE;
				CLANG_CXX_LANGUAGE_STANDARD = "gnu++20";
				CLANG_ENABLE_MODULES = YES;
				CLANG_ENABLE_OBJC_ARC = YES;
				CLANG_ENABLE_OBJC_WEAK = YES;
				CLANG_WARN_BLOCK_CAPTURE_AUTORELEASING = YES;
				CLANG_WARN_BOOL_CONVERSION = YES;
				CLANG_WARN_COMMA = YES;
				CLANG_WARN_CONSTANT_CONVERSION = YES;
				CLANG_WARN_DEPRECATED_OBJC_IMPLEMENTATIONS = YES;
				CLANG_WARN_DIRECT_OBJC_ISA_USAGE = YES_ERROR;
				CLANG_WARN_DOCUMENTATION_COMMENTS = YES;
				CLANG_WARN_EMPTY_BODY = YES;
				CLANG_WARN_ENUM_CONVERSION = YES;
				CLANG_WARN_INFINITE_RECURSION = YES;
				CLANG_WARN_INT_CONVERSION = YES;
				CLANG_WARN_NON_LITERAL_NULL_CONVERSION = YES;
				CLANG_WARN_OBJC_IMPLICIT_RETAIN_SELF = YES;
				CLANG_WARN_OBJC_LITERAL_CONVERSION = YES;
				CLANG_WARN_OBJC_ROOT_CLASS = YES_ERROR;
				CLANG_WARN_QUOTED_INCLUDE_IN_FRAMEWORK_HEADER = YES;
				CLANG_WARN_RANGE_LOOP_ANALYSIS = YES;
				CLANG_WARN_STRICT_PROTOTYPES = YES;
				CLANG_WARN_SUSPICIOUS_MOVE = YES;
				CLANG_WARN_UNGUARDED_AVAILABILITY = YES_AGGRESSIVE;
				CLANG_WARN_UNREACHABLE_CODE = YES;
				CLANG_WARN__DUPLICATE_METHOD_MATCH = YES;
				COPY_PHASE_STRIP = NO;
				DEBUG_INFORMATION_FORMAT = dwarf;
				ENABLE_STRICT_OBJC_MSGSEND = YES;
				ENABLE_TESTABILITY = YES;
				ENABLE_USER_SCRIPT_SANDBOXING = YES;
				GCC_C_LANGUAGE_STANDARD = gnu17;
				GCC_DYNAMIC_NO_PIC = NO;
				GCC_NO_COMMON_BLOCKS = YES;
				GCC_OPTIMIZATION_LEVEL = 0;
				GCC_PREPROCESSOR_DEFINITIONS = (
					"DEBUG=1",
					"$(inherited)",
				);
				GCC_WARN_64_TO_32_BIT_CONVERSION = YES;
				GCC_WARN_ABOUT_RETURN_TYPE = YES_ERROR;
				GCC_WARN_UNDECLARED_SELECTOR = YES;
				GCC_WARN_UNINITIALIZED_AUTOS = YES_AGGRESSIVE;
				GCC_WARN_UNUSED_FUNCTION = YES;
				GCC_WARN_UNUSED_VARIABLE = YES;
				IPHONEOS_DEPLOYMENT_TARGET = 26.5;
				LOCALIZATION_PREFERS_STRING_CATALOGS = YES;
				MTL_ENABLE_DEBUG_INFO = INCLUDE_SOURCE;
				MTL_FAST_MATH = YES;
				ONLY_ACTIVE_ARCH = YES;
				SDKROOT = iphoneos;
				SWIFT_ACTIVE_COMPILATION_CONDITIONS = "DEBUG $(inherited)";
				SWIFT_OPTIMIZATION_LEVEL = "-Onone";
			};
			name = Debug;
		};
		FABEB6172FF04F300065F069 /* Release */ = {
			isa = XCBuildConfiguration;
			buildSettings = {
				ALWAYS_SEARCH_USER_PATHS = NO;
				ASSETCATALOG_COMPILER_GENERATE_SWIFT_ASSET_SYMBOL_EXTENSIONS = YES;
				CLANG_ANALYZER_NONNULL = YES;
				CLANG_ANALYZER_NUMBER_OBJECT_CONVERSION = YES_AGGRESSIVE;
				CLANG_CXX_LANGUAGE_STANDARD = "gnu++20";
				CLANG_ENABLE_MODULES = YES;
				CLANG_ENABLE_OBJC_ARC = YES;
				CLANG_ENABLE_OBJC_WEAK = YES;
				CLANG_WARN_BLOCK_CAPTURE_AUTORELEASING = YES;
				CLANG_WARN_BOOL_CONVERSION = YES;
				CLANG_WARN_COMMA = YES;
				CLANG_WARN_CONSTANT_CONVERSION = YES;
				CLANG_WARN_DEPRECATED_OBJC_IMPLEMENTATIONS = YES;
				CLANG_WARN_DIRECT_OBJC_ISA_USAGE = YES_ERROR;
				CLANG_WARN_DOCUMENTATION_COMMENTS = YES;
				CLANG_WARN_EMPTY_BODY = YES;
				CLANG_WARN_ENUM_CONVERSION = YES;
				CLANG_WARN_INFINITE_RECURSION = YES;
				CLANG_WARN_INT_CONVERSION = YES;
				CLANG_WARN_NON_LITERAL_NULL_CONVERSION = YES;
				CLANG_WARN_OBJC_IMPLICIT_RETAIN_SELF = YES;
				CLANG_WARN_OBJC_LITERAL_CONVERSION = YES;
				CLANG_WARN_OBJC_ROOT_CLASS = YES_ERROR;
				CLANG_WARN_QUOTED_INCLUDE_IN_FRAMEWORK_HEADER = YES;
				CLANG_WARN_RANGE_LOOP_ANALYSIS = YES;
				CLANG_WARN_STRICT_PROTOTYPES = YES;
				CLANG_WARN_SUSPICIOUS_MOVE = YES;
				CLANG_WARN_UNGUARDED_AVAILABILITY = YES_AGGRESSIVE;
				CLANG_WARN_UNREACHABLE_CODE = YES;
				CLANG_WARN__DUPLICATE_METHOD_MATCH = YES;
				COPY_PHASE_STRIP = NO;
				DEBUG_INFORMATION_FORMAT = "dwarf-with-dsym";
				ENABLE_NS_ASSERTIONS = NO;
				ENABLE_STRICT_OBJC_MSGSEND = YES;
				ENABLE_USER_SCRIPT_SANDBOXING = YES;
				GCC_C_LANGUAGE_STANDARD = gnu17;
				GCC_NO_COMMON_BLOCKS = YES;
				GCC_WARN_64_TO_32_BIT_CONVERSION = YES;
				GCC_WARN_ABOUT_RETURN_TYPE = YES_ERROR;
				GCC_WARN_UNDECLARED_SELECTOR = YES;
				GCC_WARN_UNINITIALIZED_AUTOS = YES_AGGRESSIVE;
				GCC_WARN_UNUSED_FUNCTION = YES;
				GCC_WARN_UNUSED_VARIABLE = YES;
				IPHONEOS_DEPLOYMENT_TARGET = 26.5;
				LOCALIZATION_PREFERS_STRING_CATALOGS = YES;
				MTL_ENABLE_DEBUG_INFO = NO;
				MTL_FAST_MATH = YES;
				SDKROOT = iphoneos;
				SWIFT_COMPILATION_MODE = wholemodule;
				VALIDATE_PRODUCT = YES;
			};
			name = Release;
		};
		FABEB6192FF04F300065F069 /* Debug */ = {
			isa = XCBuildConfiguration;
			buildSettings = {
				ASSETCATALOG_COMPILER_APPICON_NAME = AppIcon;
				ASSETCATALOG_COMPILER_GLOBAL_ACCENT_COLOR_NAME = AccentColor;
				CODE_SIGN_STYLE = Automatic;
				CURRENT_PROJECT_VERSION = 1;
				ENABLE_PREVIEWS = YES;
				GENERATE_INFOPLIST_FILE = YES;
				INFOPLIST_FILE = Innitial/Info.plist;
				INFOPLIST_KEY_UIApplicationSceneManifest_Generation = YES;
				INFOPLIST_KEY_UIApplicationSupportsIndirectInputEvents = YES;
				INFOPLIST_KEY_UILaunchScreen_Generation = YES;
				INFOPLIST_KEY_UISupportedInterfaceOrientations_iPad = "UIInterfaceOrientationPortrait UIInterfaceOrientationPortraitUpsideDown UIInterfaceOrientationLandscapeLeft UIInterfaceOrientationLandscapeRight";
				INFOPLIST_KEY_UISupportedInterfaceOrientations_iPhone = "UIInterfaceOrientationPortrait UIInterfaceOrientationLandscapeLeft UIInterfaceOrientationLandscapeRight";
				IPHONEOS_DEPLOYMENT_TARGET = 26.0;
				LD_RUNPATH_SEARCH_PATHS = (
					"$(inherited)",
					"@executable_path/Frameworks",
				);
				MARKETING_VERSION = 1.0;
				PRODUCT_BUNDLE_IDENTIFIER = com.innit.Innitial;
				PRODUCT_NAME = "$(TARGET_NAME)";
				STRING_CATALOG_GENERATE_SYMBOLS = YES;
				SWIFT_APPROACHABLE_CONCURRENCY = YES;
				SWIFT_DEFAULT_ACTOR_ISOLATION = MainActor;
				SWIFT_EMIT_LOC_STRINGS = YES;
				SWIFT_UPCOMING_FEATURE_MEMBER_IMPORT_VISIBILITY = YES;
				SWIFT_VERSION = 5.0;
				TARGETED_DEVICE_FAMILY = "1,2";
			};
			name = Debug;
		};
		FABEB61A2FF04F300065F069 /* Release */ = {
			isa = XCBuildConfiguration;
			buildSettings = {
				ASSETCATALOG_COMPILER_APPICON_NAME = AppIcon;
				ASSETCATALOG_COMPILER_GLOBAL_ACCENT_COLOR_NAME = AccentColor;
				CODE_SIGN_STYLE = Automatic;
				CURRENT_PROJECT_VERSION = 1;
				ENABLE_PREVIEWS = YES;
				GENERATE_INFOPLIST_FILE = YES;
				INFOPLIST_FILE = Innitial/Info.plist;
				INFOPLIST_KEY_UIApplicationSceneManifest_Generation = YES;
				INFOPLIST_KEY_UIApplicationSupportsIndirectInputEvents = YES;
				INFOPLIST_KEY_UILaunchScreen_Generation = YES;
				INFOPLIST_KEY_UISupportedInterfaceOrientations_iPad = "UIInterfaceOrientationPortrait UIInterfaceOrientationPortraitUpsideDown UIInterfaceOrientationLandscapeLeft UIInterfaceOrientationLandscapeRight";
				INFOPLIST_KEY_UISupportedInterfaceOrientations_iPhone = "UIInterfaceOrientationPortrait UIInterfaceOrientationLandscapeLeft UIInterfaceOrientationLandscapeRight";
				IPHONEOS_DEPLOYMENT_TARGET = 26.0;
				LD_RUNPATH_SEARCH_PATHS = (
					"$(inherited)",
					"@executable_path/Frameworks",
				);
				MARKETING_VERSION = 1.0;
				PRODUCT_BUNDLE_IDENTIFIER = com.innit.Innitial;
				PRODUCT_NAME = "$(TARGET_NAME)";
				STRING_CATALOG_GENERATE_SYMBOLS = YES;
				SWIFT_APPROACHABLE_CONCURRENCY = YES;
				SWIFT_DEFAULT_ACTOR_ISOLATION = MainActor;
				SWIFT_EMIT_LOC_STRINGS = YES;
				SWIFT_UPCOMING_FEATURE_MEMBER_IMPORT_VISIBILITY = YES;
				SWIFT_VERSION = 5.0;
				TARGETED_DEVICE_FAMILY = "1,2";
			};
			name = Release;
		};
		FABEB61C2FF04F300065F069 /* Debug */ = {
			isa = XCBuildConfiguration;
			buildSettings = {
				BUNDLE_LOADER = "$(TEST_HOST)";
				CODE_SIGN_STYLE = Automatic;
				CURRENT_PROJECT_VERSION = 1;
				GENERATE_INFOPLIST_FILE = YES;
				IPHONEOS_DEPLOYMENT_TARGET = 26.5;
				MARKETING_VERSION = 1.0;
				PRODUCT_BUNDLE_IDENTIFIER = com.innit.InnitialTests;
				PRODUCT_NAME = "$(TARGET_NAME)";
				STRING_CATALOG_GENERATE_SYMBOLS = NO;
				SWIFT_APPROACHABLE_CONCURRENCY = YES;
				SWIFT_EMIT_LOC_STRINGS = NO;
				SWIFT_UPCOMING_FEATURE_MEMBER_IMPORT_VISIBILITY = YES;
				SWIFT_VERSION = 5.0;
				TARGETED_DEVICE_FAMILY = "1,2";
				TEST_HOST = "$(BUILT_PRODUCTS_DIR)/Innitial.app/$(BUNDLE_EXECUTABLE_FOLDER_PATH)/Innitial";
			};
			name = Debug;
		};
		FABEB61D2FF04F300065F069 /* Release */ = {
			isa = XCBuildConfiguration;
			buildSettings = {
				BUNDLE_LOADER = "$(TEST_HOST)";
				CODE_SIGN_STYLE = Automatic;
				CURRENT_PROJECT_VERSION = 1;
				GENERATE_INFOPLIST_FILE = YES;
				IPHONEOS_DEPLOYMENT_TARGET = 26.5;
				MARKETING_VERSION = 1.0;
				PRODUCT_BUNDLE_IDENTIFIER = com.innit.InnitialTests;
				PRODUCT_NAME = "$(TARGET_NAME)";
				STRING_CATALOG_GENERATE_SYMBOLS = NO;
				SWIFT_APPROACHABLE_CONCURRENCY = YES;
				SWIFT_EMIT_LOC_STRINGS = NO;
				SWIFT_UPCOMING_FEATURE_MEMBER_IMPORT_VISIBILITY = YES;
				SWIFT_VERSION = 5.0;
				TARGETED_DEVICE_FAMILY = "1,2";
				TEST_HOST = "$(BUILT_PRODUCTS_DIR)/Innitial.app/$(BUNDLE_EXECUTABLE_FOLDER_PATH)/Innitial";
			};
			name = Release;
		};
		FABEB61F2FF04F300065F069 /* Debug */ = {
			isa = XCBuildConfiguration;
			buildSettings = {
				CODE_SIGN_STYLE = Automatic;
				CURRENT_PROJECT_VERSION = 1;
				GENERATE_INFOPLIST_FILE = YES;
				MARKETING_VERSION = 1.0;
				PRODUCT_BUNDLE_IDENTIFIER = com.innit.InnitialUITests;
				PRODUCT_NAME = "$(TARGET_NAME)";
				STRING_CATALOG_GENERATE_SYMBOLS = NO;
				SWIFT_APPROACHABLE_CONCURRENCY = YES;
				SWIFT_EMIT_LOC_STRINGS = NO;
				SWIFT_UPCOMING_FEATURE_MEMBER_IMPORT_VISIBILITY = YES;
				SWIFT_VERSION = 5.0;
				TARGETED_DEVICE_FAMILY = "1,2";
				TEST_TARGET_NAME = Innitial;
			};
			name = Debug;
		};
		FABEB6202FF04F300065F069 /* Release */ = {
			isa = XCBuildConfiguration;
			buildSettings = {
				CODE_SIGN_STYLE = Automatic;
				CURRENT_PROJECT_VERSION = 1;
				GENERATE_INFOPLIST_FILE = YES;
				MARKETING_VERSION = 1.0;
				PRODUCT_BUNDLE_IDENTIFIER = com.innit.InnitialUITests;
				PRODUCT_NAME = "$(TARGET_NAME)";
				STRING_CATALOG_GENERATE_SYMBOLS = NO;
				SWIFT_APPROACHABLE_CONCURRENCY = YES;
				SWIFT_EMIT_LOC_STRINGS = NO;
				SWIFT_UPCOMING_FEATURE_MEMBER_IMPORT_VISIBILITY = YES;
				SWIFT_VERSION = 5.0;
				TARGETED_DEVICE_FAMILY = "1,2";
				TEST_TARGET_NAME = Innitial;
			};
			name = Release;
		};
/* End XCBuildConfiguration section */

/* Begin XCConfigurationList section */
		FABEB5F22FF04F2E0065F069 /* Build configuration list for PBXProject "Innitial" */ = {
			isa = XCConfigurationList;
			buildConfigurations = (
				FABEB6162FF04F300065F069 /* Debug */,
				FABEB6172FF04F300065F069 /* Release */,
			);
			defaultConfigurationIsVisible = 0;
			defaultConfigurationName = Release;
		};
		FABEB6182FF04F300065F069 /* Build configuration list for PBXNativeTarget "Innitial" */ = {
			isa = XCConfigurationList;
			buildConfigurations = (
				FABEB6192FF04F300065F069 /* Debug */,
				FABEB61A2FF04F300065F069 /* Release */,
			);
			defaultConfigurationIsVisible = 0;
			defaultConfigurationName = Release;
		};
		FABEB61B2FF04F300065F069 /* Build configuration list for PBXNativeTarget "InnitialTests" */ = {
			isa = XCConfigurationList;
			buildConfigurations = (
				FABEB61C2FF04F300065F069 /* Debug */,
				FABEB61D2FF04F300065F069 /* Release */,
			);
			defaultConfigurationIsVisible = 0;
			defaultConfigurationName = Release;
		};
		FABEB61E2FF04F300065F069 /* Build configuration list for PBXNativeTarget "InnitialUITests" */ = {
			isa = XCConfigurationList;
			buildConfigurations = (
				FABEB61F2FF04F300065F069 /* Debug */,
				FABEB6202FF04F300065F069 /* Release */,
			);
			defaultConfigurationIsVisible = 0;
			defaultConfigurationName = Release;
		};
/* End XCConfigurationList section */

/* Begin XCSwiftPackageProductDependency section */
		FA2F5E7D2FF0709000BB0A7E /* AppDependencies */ = {
			isa = XCSwiftPackageProductDependency;
			productName = AppDependencies;
		};
		FA2F5E832FF0711800BB0A7E /* Login */ = {
			isa = XCSwiftPackageProductDependency;
			productName = Login;
		};
/* End XCSwiftPackageProductDependency section */
	};
	rootObject = FABEB5EF2FF04F2E0065F069 /* Project object */;
}
